name: mma
prefix: /home/uhrinmat/anaconda/mma
#NOTE config --add envs_dirs /home/uhrinmat/anaconda/

channels:
  - conda-forge
  - pytorch
dependencies:
  - python=3.8
  - auto-sklearn
  - pip
  - matplotlib
  - jupyterlab
  - ploomber
  - pandas
  - scikit-learn
  - pytorch
  - tqdm
  - cvxpy
  - numpy
  - cvxopt
  - seaborn
  - torchvision
  - tqdm
  - beautifulsoup4
  - optuna
  - pip:
      - pipelineprofiler
      - ray

