name: mma
envs_dirs:
  - /home/uhrinmat/anaconda/mma
#envs_dirs:
#  - C:\Users\<user>\Anaconda3\envs
#  - D:\envs
channels:
  - conda-forge
  - pytorch
dependencies:
  - python=3.8
  - auto-sklearn
  - pip
  - matplotlib
  - jupyterlab
  - ploomber
  - pandas
  - scikit-learn
  - dask
  - pytorch
  - tqdm
  - cvxpy
  - numpy
  - cvxopt
  - seaborn
  - torchvision
  - tqdm
  - beautifulsoup4
  - optuna
  - pip:
      - pipelineprofiler
      - ray

